version = 1
revision = 3
requires-python = ">=3.10"
resolution-markers = [
    "python_full_version >= '3.15'",
    "python_full_version < '3.15'",
]

[[package]]
name = "emoji"
version = "2.15.0"
source = { registry = "https://pypi.org/simple" }
sdist = { url = "https://files.pythonhosted.org/packages/a2/78/0d2db9382c92a163d7095fc08efff7800880f830a152cfced40161e7638d/emoji-2.15.0.tar.gz", hash = "sha256:eae4ab7d86456a70a00a985125a03263a5eac54cd55e51d7e184b1ed3b6757e4", size = 615483, upload-time = "2025-09-21T12:13:02.755Z" }
wheels = [
    { url = "https://files.pythonhosted.org/packages/e1/5e/4b5aaaabddfacfe36ba7768817bd1f71a7a810a43705e531f3ae4c690767/emoji-2.15.0-py3-none-any.whl", hash = "sha256:205296793d66a89d88af4688fa57fd6496732eb48917a87175a023c8138995eb", size = 608433, upload-time = "2025-09-21T12:13:01.197Z" },
]

[[package]]
name = "ftfy"
version = "6.3.1"
source = { registry = "https://pypi.org/simple" }
dependencies = [
    { name = "wcwidth" },
]
sdist = { url = "https://files.pythonhosted.org/packages/a5/d3/8650919bc3c7c6e90ee3fa7fd618bf373cbbe55dff043bd67353dbb20cd8/ftfy-6.3.1.tar.gz", hash = "sha256:9b3c3d90f84fb267fe64d375a07b7f8912d817cf86009ae134aa03e1819506ec", size = 308927, upload-time = "2024-10-26T00:50:35.149Z" }
wheels = [
    { url = "https://files.pythonhosted.org/packages/ab/6e/81d47999aebc1b155f81eca4477a616a70f238a2549848c38983f3c22a82/ftfy-6.3.1-py3-none-any.whl", hash = "sha256:7c70eb532015cd2f9adb53f101fb6c7945988d023a085d127d1573dc49dd0083", size = 44821, upload-time = "2024-10-26T00:50:33.425Z" },
]

[[package]]
name = "pyaes"
version = "1.6.1"
source = { registry = "https://pypi.org/simple" }
sdist = { url = "https://files.pythonhosted.org/packages/44/66/2c17bae31c906613795711fc78045c285048168919ace2220daa372c7d72/pyaes-1.6.1.tar.gz", hash = "sha256:02c1b1405c38d3c370b085fb952dd8bea3fadcee6411ad99f312cc129c536d8f", size = 28536, upload-time = "2017-09-20T21:17:54.23Z" }

[[package]]
name = "pyasn1"
version = "0.6.3"
source = { registry = "https://pypi.org/simple" }
sdist = { url = "https://files.pythonhosted.org/packages/5c/5f/6583902b6f79b399c9c40674ac384fd9cd77805f9e6205075f828ef11fb2/pyasn1-0.6.3.tar.gz", hash = "sha256:697a8ecd6d98891189184ca1fa05d1bb00e2f84b5977c481452050549c8a72cf", size = 148685, upload-time = "2026-03-17T01:06:53.382Z" }
wheels = [
    { url = "https://files.pythonhosted.org/packages/5d/a0/7d793dce3fa811fe047d6ae2431c672364b462850c6235ae306c0efd025f/pyasn1-0.6.3-py3-none-any.whl", hash = "sha256:a80184d120f0864a52a073acc6fc642847d0be408e7c7252f31390c0f4eadcde", size = 83997, upload-time = "2026-03-17T01:06:52.036Z" },
]

[[package]]
name = "python-dotenv"
version = "1.2.2"
source = { registry = "https://pypi.org/simple" }
sdist = { url = "https://files.pythonhosted.org/packages/82/ed/0301aeeac3e5353ef3d94b6ec08bbcabd04a72018415dcb29e588514bba8/python_dotenv-1.2.2.tar.gz", hash = "sha256:2c371a91fbd7ba082c2c1dc1f8bf89ca22564a087c2c287cd9b662adde799cf3", size = 50135, upload-time = "2026-03-01T16:00:26.196Z" }
wheels = [
    { url = "https://files.pythonhosted.org/packages/0b/d7/1959b9648791274998a9c3526f6d0ec8fd2233e4d4acce81bbae76b44b2a/python_dotenv-1.2.2-py3-none-any.whl", hash = "sha256:1d8214789a24de455a8b8bd8ae6fe3c6b69a5e3d64aa8a8e5d68e694bbcb285a", size = 22101, upload-time = "2026-03-01T16:00:25.09Z" },
]

[[package]]
name = "python-ulid"
version = "3.1.0"
source = { registry = "https://pypi.org/simple" }
sdist = { url = "https://files.pythonhosted.org/packages/40/7e/0d6c82b5ccc71e7c833aed43d9e8468e1f2ff0be1b3f657a6fcafbb8433d/python_ulid-3.1.0.tar.gz", hash = "sha256:ff0410a598bc5f6b01b602851a3296ede6f91389f913a5d5f8c496003836f636", size = 93175, upload-time = "2025-08-18T16:09:26.305Z" }
wheels = [
    { url = "https://files.pythonhosted.org/packages/6c/a0/4ed6632b70a52de845df056654162acdebaf97c20e3212c559ac43e7216e/python_ulid-3.1.0-py3-none-any.whl", hash = "sha256:e2cdc979c8c877029b4b7a38a6fba3bc4578e4f109a308419ff4d3ccf0a46619", size = 11577, upload-time = "2025-08-18T16:09:25.047Z" },
]

[[package]]
name = "rsa"
version = "4.9.1"
source = { registry = "https://pypi.org/simple" }
dependencies = [
    { name = "pyasn1" },
]
sdist = { url = "https://files.pythonhosted.org/packages/da/8a/22b7beea3ee0d44b1916c0c1cb0ee3af23b700b6da9f04991899d0c555d4/rsa-4.9.1.tar.gz", hash = "sha256:e7bdbfdb5497da4c07dfd35530e1a902659db6ff241e39d9953cad06ebd0ae75", size = 29034, upload-time = "2025-04-16T09:51:18.218Z" }
wheels = [
    { url = "https://files.pythonhosted.org/packages/64/8d/0133e4eb4beed9e425d9a98ed6e081a55d195481b7632472be1af08d2f6b/rsa-4.9.1-py3-none-any.whl", hash = "sha256:68635866661c6836b8d39430f97a996acbd61bfa49406748ea243539fe239762", size = 34696, upload-time = "2025-04-16T09:51:17.142Z" },
]

[[package]]
name = "telegramlistener"
version = "0.1.0"
source = { editable = "." }
dependencies = [
    { name = "emoji" },
    { name = "ftfy" },
    { name = "python-ulid" },
    { name = "telethon" },
]

[package.optional-dependencies]
examples = [
    { name = "python-dotenv" },
]

[package.metadata]
requires-dist = [
    { name = "emoji", specifier = ">=2.1.0" },
    { name = "ftfy", specifier = ">=6.0" },
    { name = "python-dotenv", marker = "extra == 'examples'", specifier = ">=1.0.0" },
    { name = "python-ulid", specifier = ">=3.1.0" },
    { name = "telethon", specifier = ">=1.36.0" },
]
provides-extras = ["examples"]

[[package]]
name = "telethon"
version = "1.42.0"
source = { registry = "https://pypi.org/simple" }
dependencies = [
    { name = "pyaes" },
    { name = "rsa" },
]
sdist = { url = "https://files.pythonhosted.org/packages/8c/10/8c8c9476bfce767a856d8aaf9eae8ea1869df4e970da16f1c5b638fd1b0c/telethon-1.42.0.tar.gz", hash = "sha256:032e95511261d5ead719f75494c6c85ece2ce71816b54f3c65d6ccc371d6994d", size = 672734, upload-time = "2025-11-05T19:15:19.849Z" }
wheels = [
    { url = "https://files.pythonhosted.org/packages/e4/e4/8ce0ff55251381966a7c3f88bd5b34abda79b225a8e7fb51ddef3b849c94/telethon-1.42.0-py3-none-any.whl", hash = "sha256:cf361c94586bcacd6d0fc8959a2bce509d1bb37007fe6476a80c4fb4a2decc29", size = 748466, upload-time = "2025-11-05T19:15:18.241Z" },
]

[[package]]
name = "wcwidth"
version = "0.6.0"
source = { registry = "https://pypi.org/simple" }
sdist = { url = "https://files.pythonhosted.org/packages/35/a2/8e3becb46433538a38726c948d3399905a4c7cabd0df578ede5dc51f0ec2/wcwidth-0.6.0.tar.gz", hash = "sha256:cdc4e4262d6ef9a1a57e018384cbeb1208d8abbc64176027e2c2455c81313159", size = 159684, upload-time = "2026-02-06T19:19:40.919Z" }
wheels = [
    { url = "https://files.pythonhosted.org/packages/68/5a/199c59e0a824a3db2b89c5d2dade7ab5f9624dbf6448dc291b46d5ec94d3/wcwidth-0.6.0-py3-none-any.whl", hash = "sha256:1a3a1e510b553315f8e146c54764f4fb6264ffad731b3d78088cdb1478ffbdad", size = 94189, upload-time = "2026-02-06T19:19:39.646Z" },
]
